
Microsoft Visual Studio Solution File, Format Version 12.00
# Visual Studio 15
VisualStudioVersion = 15.0.28010.2036
MinimumVisualStudioVersion = 10.0.40219.1
Project("{FAE04EC0-301F-11D3-BF4B-00C04F79EFBC}") = "Transformalize.Provider.ActiveDirectory", "src\Transformalize.Provider.ActiveDirectory\Transformalize.Provider.ActiveDirectory.csproj", "{843A7294-50A4-4019-87F6-B6F85DDD4AC1}"
EndProject
Project("{FAE04EC0-301F-11D3-BF4B-00C04F79EFBC}") = "UnitTests", "src\UnitTests\UnitTests.csproj", "{DFFBD4CD-201A-4876-9ECF-FFDB38CBF3ED}"
EndProject
Project("{FAE04EC0-301F-11D3-BF4B-00C04F79EFBC}") = "Transformalize.Provider.ActiveDirectory.Autofac", "src\Transformalize.Provider.ActiveDirectory.Autofac\Transformalize.Provider.ActiveDirectory.Autofac.csproj", "{DD464D50-3B35-48B3-B4C1-984710270308}"
EndProject
Global
	GlobalSection(SolutionConfigurationPlatforms) = preSolution
		Debug|Any CPU = Debug|Any CPU
		Release|Any CPU = Release|Any CPU
	EndGlobalSection
	GlobalSection(ProjectConfigurationPlatforms) = postSolution
		{843A7294-50A4-4019-87F6-B6F85DDD4AC1}.Debug|Any CPU.ActiveCfg = Debug|Any CPU
		{843A7294-50A4-4019-87F6-B6F85DDD4AC1}.Debug|Any CPU.Build.0 = Debug|Any CPU
		{843A7294-50A4-4019-87F6-B6F85DDD4AC1}.Release|Any CPU.ActiveCfg = Release|Any CPU
		{843A7294-50A4-4019-87F6-B6F85DDD4AC1}.Release|Any CPU.Build.0 = Release|Any CPU
		{DFFBD4CD-201A-4876-9ECF-FFDB38CBF3ED}.Debug|Any CPU.ActiveCfg = Debug|Any CPU
		{DFFBD4CD-201A-4876-9ECF-FFDB38CBF3ED}.Debug|Any CPU.Build.0 = Debug|Any CPU
		{DFFBD4CD-201A-4876-9ECF-FFDB38CBF3ED}.Release|Any CPU.ActiveCfg = Release|Any CPU
		{DFFBD4CD-201A-4876-9ECF-FFDB38CBF3ED}.Release|Any CPU.Build.0 = Release|Any CPU
		{DD464D50-3B35-48B3-B4C1-984710270308}.Debug|Any CPU.ActiveCfg = Debug|Any CPU
		{DD464D50-3B35-48B3-B4C1-984710270308}.Debug|Any CPU.Build.0 = Debug|Any CPU
		{DD464D50-3B35-48B3-B4C1-984710270308}.Release|Any CPU.ActiveCfg = Release|Any CPU
		{DD464D50-3B35-48B3-B4C1-984710270308}.Release|Any CPU.Build.0 = Release|Any CPU
	EndGlobalSection
	GlobalSection(SolutionProperties) = preSolution
		HideSolutionNode = FALSE
	EndGlobalSection
	GlobalSection(ExtensibilityGlobals) = postSolution
		SolutionGuid = {A2F1690C-C07A-4D1D-BB3A-44480E5134F0}
	EndGlobalSection
EndGlobal
